
Microsoft Visual Studio Solution File, Format Version 12.00
# Visual Studio Version 16
VisualStudioVersion = 16.0.30104.148
MinimumVisualStudioVersion = 10.0.40219.1
Project("{FAE04EC0-301F-11D3-BF4B-00C04F79EFBC}") = "Ej_1_P", "Ej_1_P.csproj", "{9D0069FB-FDA7-4B5E-81CD-3173AFB553BC}"
EndProject
Global
	GlobalSection(SolutionConfigurationPlatforms) = preSolution
		Debug|Any CPU = Debug|Any CPU
		Release|Any CPU = Release|Any CPU
	EndGlobalSection
	GlobalSection(ProjectConfigurationPlatforms) = postSolution
		{9D0069FB-FDA7-4B5E-81CD-3173AFB553BC}.Debug|Any CPU.ActiveCfg = Debug|Any CPU
		{9D0069FB-FDA7-4B5E-81CD-3173AFB553BC}.Debug|Any CPU.Build.0 = Debug|Any CPU
		{9D0069FB-FDA7-4B5E-81CD-3173AFB553BC}.Release|Any CPU.ActiveCfg = Release|Any CPU
		{9D0069FB-FDA7-4B5E-81CD-3173AFB553BC}.Release|Any CPU.Build.0 = Release|Any CPU
	EndGlobalSection
	GlobalSection(SolutionProperties) = preSolution
		HideSolutionNode = FALSE
	EndGlobalSection
	GlobalSection(ExtensibilityGlobals) = postSolution
		SolutionGuid = {501D3ADE-77B2-44FE-BFC2-EF01F3083799}
	EndGlobalSection
EndGlobal
