
Microsoft Visual Studio Solution File, Format Version 12.00
# Visual Studio Version 17
VisualStudioVersion = 17.6.33829.357
MinimumVisualStudioVersion = 10.0.40219.1
Project("{FAE04EC0-301F-11D3-BF4B-00C04F79EFBC}") = "ej_10", "ej_10\ej_10.csproj", "{CBDDBB7C-6305-47C6-9010-DFE9F533C85A}"
EndProject
Global
	GlobalSection(SolutionConfigurationPlatforms) = preSolution
		Debug|Any CPU = Debug|Any CPU
		Release|Any CPU = Release|Any CPU
	EndGlobalSection
	GlobalSection(ProjectConfigurationPlatforms) = postSolution
		{CBDDBB7C-6305-47C6-9010-DFE9F533C85A}.Debug|Any CPU.ActiveCfg = Debug|Any CPU
		{CBDDBB7C-6305-47C6-9010-DFE9F533C85A}.Debug|Any CPU.Build.0 = Debug|Any CPU
		{CBDDBB7C-6305-47C6-9010-DFE9F533C85A}.Release|Any CPU.ActiveCfg = Release|Any CPU
		{CBDDBB7C-6305-47C6-9010-DFE9F533C85A}.Release|Any CPU.Build.0 = Release|Any CPU
	EndGlobalSection
	GlobalSection(SolutionProperties) = preSolution
		HideSolutionNode = FALSE
	EndGlobalSection
	GlobalSection(ExtensibilityGlobals) = postSolution
		SolutionGuid = {EB5E9C38-FA33-44D4-A75A-E40F138371FB}
	EndGlobalSection
EndGlobal
