
Microsoft Visual Studio Solution File, Format Version 12.00
# Visual Studio Version 16
VisualStudioVersion = 16.0.30104.148
MinimumVisualStudioVersion = 10.0.40219.1
Project("{FAE04EC0-301F-11D3-BF4B-00C04F79EFBC}") = "Ej_8", "Ej_8.csproj", "{238F69FE-CC68-464D-8231-F7729D5EF7B8}"
EndProject
Global
	GlobalSection(SolutionConfigurationPlatforms) = preSolution
		Debug|Any CPU = Debug|Any CPU
		Release|Any CPU = Release|Any CPU
	EndGlobalSection
	GlobalSection(ProjectConfigurationPlatforms) = postSolution
		{238F69FE-CC68-464D-8231-F7729D5EF7B8}.Debug|Any CPU.ActiveCfg = Debug|Any CPU
		{238F69FE-CC68-464D-8231-F7729D5EF7B8}.Debug|Any CPU.Build.0 = Debug|Any CPU
		{238F69FE-CC68-464D-8231-F7729D5EF7B8}.Release|Any CPU.ActiveCfg = Release|Any CPU
		{238F69FE-CC68-464D-8231-F7729D5EF7B8}.Release|Any CPU.Build.0 = Release|Any CPU
	EndGlobalSection
	GlobalSection(SolutionProperties) = preSolution
		HideSolutionNode = FALSE
	EndGlobalSection
	GlobalSection(ExtensibilityGlobals) = postSolution
		SolutionGuid = {F4472EEA-348A-4D20-B413-AAA79E064EFE}
	EndGlobalSection
EndGlobal
